// !$*UTF8*$!
{
	archiveVersion = 1;
	classes = {
	};
	objectVersion = 46;
	objects = {

/* Begin PBXBuildFile section */
		3B89250C1EAB5C710039A208 /* main.m in Sources */ = {isa = PBXBuildFile; fileRef = 3B89250B1EAB5C710039A208 /* main.m */; };
		3B89250F1EAB5C710039A208 /* AppDelegate.m in Sources */ = {isa = PBXBuildFile; fileRef = 3B89250E1EAB5C710039A208 /* AppDelegate.m */; };
		3B8925121EAB5C710039A208 /* ViewController.m in Sources */ = {isa = PBXBuildFile; fileRef = 3B8925111EAB5C710039A208 /* ViewController.m */; };
		3B8925151EAB5C720039A208 /* Main.storyboard in Resources */ = {isa = PBXBuildFile; fileRef = 3B8925131EAB5C720039A208 /* Main.storyboard */; };
		3B8925171EAB5C720039A208 /* Assets.xcassets in Resources */ = {isa = PBXBuildFile; fileRef = 3B8925161EAB5C720039A208 /* Assets.xcassets */; };
		3B89251A1EAB5C720039A208 /* LaunchScreen.storyboard in Resources */ = {isa = PBXBuildFile; fileRef = 3B8925181EAB5C720039A208 /* LaunchScreen.storyboard */; };
/* End PBXBuildFile section */

/* Begin PBXFileReference section */
		3B8925071EAB5C710039A208 /* SouJiao.app */ = {isa = PBXFileReference; explicitFileType = wrapper.application; includeInIndex = 0; path = SouJiao.app; sourceTree = BUILT_PRODUCTS_DIR; };
		3B89250B1EAB5C710039A208 /* main.m */ = {isa = PBXFileReference; lastKnownFileType = sourcecode.c.objc; path = main.m; sourceTree = "<group>"; };
		3B89250D1EAB5C710039A208 /* AppDelegate.h */ = {isa = PBXFileReference; lastKnownFileType = sourcecode.c.h; path = AppDelegate.h; sourceTree = "<group>"; };
		3B89250E1EAB5C710039A208 /* AppDelegate.m */ = {isa = PBXFileReference; lastKnownFileType = sourcecode.c.objc; path = AppDelegate.m; sourceTree = "<group>"; };
		3B8925101EAB5C710039A208 /* ViewController.h */ = {isa = PBXFileReference; lastKnownFileType = sourcecode.c.h; path = ViewController.h; sourceTree = "<group>"; };
		3B8925111EAB5C710039A208 /* ViewController.m */ = {isa = PBXFileReference; lastKnownFileType = sourcecode.c.objc; path = ViewController.m; sourceTree = "<group>"; };
		3B8925141EAB5C720039A208 /* Base */ = {isa = PBXFileReference; lastKnownFileType = file.storyboard; name = Base; path = Base.lproj/Main.storyboard; sourceTree = "<group>"; };
		3B8925161EAB5C720039A208 /* Assets.xcassets */ = {isa = PBXFileReference; lastKnownFileType = folder.assetcatalog; path = Assets.xcassets; sourceTree = "<group>"; };
		3B8925191EAB5C720039A208 /* Base */ = {isa = PBXFileReference; lastKnownFileType = file.storyboard; name = Base; path = Base.lproj/LaunchScreen.storyboard; sourceTree = "<group>"; };
		3B89251B1EAB5C720039A208 /* Info.plist */ = {isa = PBXFileReference; lastKnownFileType = text.plist.xml; path = Info.plist; sourceTree = "<group>"; };
/* End PBXFileReference section */

/* Begin PBXFrameworksBuildPhase section */
		3B8925041EAB5C710039A208 /* Frameworks */ = {
			isa = PBXFrameworksBuildPhase;
			buildActionMask = 2147483647;
			files = (
			);
			runOnlyForDeploymentPostprocessing = 0;
		};
/* End PBXFrameworksBuildPhase section */

/* Begin PBXGroup section */
		3B8924FE1EAB5C710039A208 = {
			isa = PBXGroup;
			children = (
				3B8925091EAB5C710039A208 /* SouJiao */,
				3B8925081EAB5C710039A208 /* Products */,
			);
			sourceTree = "<group>";
		};
		3B8925081EAB5C710039A208 /* Products */ = {
			isa = PBXGroup;
			children = (
				3B8925071EAB5C710039A208 /* SouJiao.app */,
			);
			name = Products;
			sourceTree = "<group>";
		};
		3B8925091EAB5C710039A208 /* SouJiao */ = {
			isa = PBXGroup;
			children = (
				3B89250D1EAB5C710039A208 /* AppDelegate.h */,
				3B89250E1EAB5C710039A208 /* AppDelegate.m */,
				3B8925101EAB5C710039A208 /* ViewController.h */,
				3B8925111EAB5C710039A208 /* ViewController.m */,
				3B8925131EAB5C720039A208 /* Main.storyboard */,
				3B8925161EAB5C720039A208 /* Assets.xcassets */,
				3B8925181EAB5C720039A208 /* LaunchScreen.storyboard */,
				3B89251B1EAB5C720039A208 /* Info.plist */,
				3B89250A1EAB5C710039A208 /* Supporting Files */,
			);
			path = SouJiao;
			sourceTree = "<group>";
		};
		3B89250A1EAB5C710039A208 /* Supporting Files */ = {
			isa = PBXGroup;
			children = (
				3B89250B1EAB5C710039A208 /* main.m */,
			);
			name = "Supporting Files";
			sourceTree = "<group>";
		};
/* End PBXGroup section */

/* Begin PBXNativeTarget section */
		3B8925061EAB5C710039A208 /* SouJiao */ = {
			isa = PBXNativeTarget;
			buildConfigurationList = 3B89251E1EAB5C720039A208 /* Build configuration list for PBXNativeTarget "SouJiao" */;
			buildPhases = (
				3B8925031EAB5C710039A208 /* Sources */,
				3B8925041EAB5C710039A208 /* Frameworks */,
				3B8925051EAB5C710039A208 /* Resources */,
			);
			buildRules = (
			);
			dependencies = (
			);
			name = SouJiao;
			productName = SouJiao;
			productReference = 3B8925071EAB5C710039A208 /* SouJiao.app */;
			productType = "com.apple.product-type.application";
		};
/* End PBXNativeTarget section */

/* Begin PBXProject section */
		3B8924FF1EAB5C710039A208 /* Project object */ = {
			isa = PBXProject;
			attributes = {
				LastUpgradeCheck = 0830;
				ORGANIZATIONNAME = Ares;
				TargetAttributes = {
					3B8925061EAB5C710039A208 = {
						CreatedOnToolsVersion = 8.3;
						ProvisioningStyle = Automatic;
					};
				};
			};
			buildConfigurationList = 3B8925021EAB5C710039A208 /* Build configuration list for PBXProject "SouJiao" */;
			compatibilityVersion = "Xcode 3.2";
			developmentRegion = English;
			hasScannedForEncodings = 0;
			knownRegions = (
				en,
				Base,
			);
			mainGroup = 3B8924FE1EAB5C710039A208;
			productRefGroup = 3B8925081EAB5C710039A208 /* Products */;
			projectDirPath = "";
			projectRoot = "";
			targets = (
				3B8925061EAB5C710039A208 /* SouJiao */,
			);
		};
/* End PBXProject section */

/* Begin PBXResourcesBuildPhase section */
		3B8925051EAB5C710039A208 /* Resources */ = {
			isa = PBXResourcesBuildPhase;
			buildActionMask = 2147483647;
			files = (
				3B89251A1EAB5C720039A208 /* LaunchScreen.storyboard in Resources */,
				3B8925171EAB5C720039A208 /* Assets.xcassets in Resources */,
				3B8925151EAB5C720039A208 /* Main.storyboard in Resources */,
			);
			runOnlyForDeploymentPostprocessing = 0;
		};
/* End PBXResourcesBuildPhase section */

/* Begin PBXSourcesBuildPhase section */
		3B8925031EAB5C710039A208 /* Sources */ = {
			isa = PBXSourcesBuildPhase;
			buildActionMask = 2147483647;
			files = (
				3B8925121EAB5C710039A208 /* ViewController.m in Sources */,
				3B89250F1EAB5C710039A208 /* AppDelegate.m in Sources */,
				3B89250C1EAB5C710039A208 /* main.m in Sources */,
			);
			runOnlyForDeploymentPostprocessing = 0;
		};
/* End PBXSourcesBuildPhase section */

/* Begin PBXVariantGroup section */
		3B8925131EAB5C720039A208 /* Main.storyboard */ = {
			isa = PBXVariantGroup;
			children = (
				3B8925141EAB5C720039A208 /* Base */,
			);
			name = Main.storyboard;
			sourceTree = "<group>";
		};
		3B8925181EAB5C720039A208 /* LaunchScreen.storyboard */ = {
			isa = PBXVariantGroup;
			children = (
				3B8925191EAB5C720039A208 /* Base */,
			);
			name = LaunchScreen.storyboard;
			sourceTree = "<group>";
		};
/* End PBXVariantGroup section */

/* Begin XCBuildConfiguration section */
		3B89251C1EAB5C720039A208 /* Debug */ = {
			isa = XCBuildConfiguration;
			buildSettings = {
				ALWAYS_SEARCH_USER_PATHS = NO;
				CLANG_ANALYZER_NONNULL = YES;
				CLANG_ANALYZER_NUMBER_OBJECT_CONVERSION = YES_AGGRESSIVE;
				CLANG_CXX_LANGUAGE_STANDARD = "gnu++0x";
				CLANG_CXX_LIBRARY = "libc++";
				CLANG_ENABLE_MODULES = YES;
				CLANG_ENABLE_OBJC_ARC = YES;
				CLANG_WARN_BOOL_CONVERSION = YES;
				CLANG_WARN_CONSTANT_CONVERSION = YES;
				CLANG_WARN_DIRECT_OBJC_ISA_USAGE = YES_ERROR;
				CLANG_WARN_DOCUMENTATION_COMMENTS = YES;
				CLANG_WARN_EMPTY_BODY = YES;
				CLANG_WARN_ENUM_CONVERSION = YES;
				CLANG_WARN_INFINITE_RECURSION = YES;
				CLANG_WARN_INT_CONVERSION = YES;
				CLANG_WARN_OBJC_ROOT_CLASS = YES_ERROR;
				CLANG_WARN_SUSPICIOUS_MOVE = YES;
				CLANG_WARN_UNREACHABLE_CODE = YES;
				CLANG_WARN__DUPLICATE_METHOD_MATCH = YES;
				"CODE_SIGN_IDENTITY[sdk=iphoneos*]" = "iPhone Developer";
				COPY_PHASE_STRIP = NO;
				DEBUG_INFORMATION_FORMAT = dwarf;
				ENABLE_STRICT_OBJC_MSGSEND = YES;
				ENABLE_TESTABILITY = YES;
				GCC_C_LANGUAGE_STANDARD = gnu99;
				GCC_DYNAMIC_NO_PIC = NO;
				GCC_NO_COMMON_BLOCKS = YES;
				GCC_OPTIMIZATION_LEVEL = 0;
				GCC_PREPROCESSOR_DEFINITIONS = (
					"DEBUG=1",
					"$(inherited)",
				);
				GCC_WARN_64_TO_32_BIT_CONVERSION = YES;
				GCC_WARN_ABOUT_RETURN_TYPE = YES_ERROR;
				GCC_WARN_UNDECLARED_SELECTOR = YES;
				GCC_WARN_UNINITIALIZED_AUTOS = YES_AGGRESSIVE;
				GCC_WARN_UNUSED_FUNCTION = YES;
				GCC_WARN_UNUSED_VARIABLE = YES;
				IPHONEOS_DEPLOYMENT_TARGET = 10.3;
				MTL_ENABLE_DEBUG_INFO = YES;
				ONLY_ACTIVE_ARCH = YES;
				SDKROOT = iphoneos;
				TARGETED_DEVICE_FAMILY = "1,2";
			};
			name = Debug;
		};
		3B89251D1EAB5C720039A208 /* Release */ = {
			isa = XCBuildConfiguration;
			buildSettings = {
				ALWAYS_SEARCH_USER_PATHS = NO;
				CLANG_ANALYZER_NONNULL = YES;
				CLANG_ANALYZER_NUMBER_OBJECT_CONVERSION = YES_AGGRESSIVE;
				CLANG_CXX_LANGUAGE_STANDARD = "gnu++0x";
				CLANG_CXX_LIBRARY = "libc++";
				CLANG_ENABLE_MODULES = YES;
				CLANG_ENABLE_OBJC_ARC = YES;
				CLANG_WARN_BOOL_CONVERSION = YES;
				CLANG_WARN_CONSTANT_CONVERSION = YES;
				CLANG_WARN_DIRECT_OBJC_ISA_USAGE = YES_ERROR;
				CLANG_WARN_DOCUMENTATION_COMMENTS = YES;
				CLANG_WARN_EMPTY_BODY = YES;
				CLANG_WARN_ENUM_CONVERSION = YES;
				CLANG_WARN_INFINITE_RECURSION = YES;
				CLANG_WARN_INT_CONVERSION = YES;
				CLANG_WARN_OBJC_ROOT_CLASS = YES_ERROR;
				CLANG_WARN_SUSPICIOUS_MOVE = YES;
				CLANG_WARN_UNREACHABLE_CODE = YES;
				CLANG_WARN__DUPLICATE_METHOD_MATCH = YES;
				"CODE_SIGN_IDENTITY[sdk=iphoneos*]" = "iPhone Developer";
				COPY_PHASE_STRIP = NO;
				DEBUG_INFORMATION_FORMAT = "dwarf-with-dsym";
				ENABLE_NS_ASSERTIONS = NO;
				ENABLE_STRICT_OBJC_MSGSEND = YES;
				GCC_C_LANGUAGE_STANDARD = gnu99;
				GCC_NO_COMMON_BLOCKS = YES;
				GCC_WARN_64_TO_32_BIT_CONVERSION = YES;
				GCC_WARN_ABOUT_RETURN_TYPE = YES_ERROR;
				GCC_WARN_UNDECLARED_SELECTOR = YES;
				GCC_WARN_UNINITIALIZED_AUTOS = YES_AGGRESSIVE;
				GCC_WARN_UNUSED_FUNCTION = YES;
				GCC_WARN_UNUSED_VARIABLE = YES;
				IPHONEOS_DEPLOYMENT_TARGET = 10.3;
				MTL_ENABLE_DEBUG_INFO = NO;
				SDKROOT = iphoneos;
				TARGETED_DEVICE_FAMILY = "1,2";
				VALIDATE_PRODUCT = YES;
			};
			name = Release;
		};
		3B89251F1EAB5C720039A208 /* Debug */ = {
			isa = XCBuildConfiguration;
			buildSettings = {
				ASSETCATALOG_COMPILER_APPICON_NAME = AppIcon;
				INFOPLIST_FILE = SouJiao/Info.plist;
				LD_RUNPATH_SEARCH_PATHS = "$(inherited) @executable_path/Frameworks";
				PRODUCT_BUNDLE_IDENTIFIER = SJ.SouJiao;
				PRODUCT_NAME = "$(TARGET_NAME)";
			};
			name = Debug;
		};
		3B8925201EAB5C720039A208 /* Release */ = {
			isa = XCBuildConfiguration;
			buildSettings = {
				ASSETCATALOG_COMPILER_APPICON_NAME = AppIcon;
				INFOPLIST_FILE = SouJiao/Info.plist;
				LD_RUNPATH_SEARCH_PATHS = "$(inherited) @executable_path/Frameworks";
				PRODUCT_BUNDLE_IDENTIFIER = SJ.SouJiao;
				PRODUCT_NAME = "$(TARGET_NAME)";
			};
			name = Release;
		};
/* End XCBuildConfiguration section */

/* Begin XCConfigurationList section */
		3B8925021EAB5C710039A208 /* Build configuration list for PBXProject "SouJiao" */ = {
			isa = XCConfigurationList;
			buildConfigurations = (
				3B89251C1EAB5C720039A208 /* Debug */,
				3B89251D1EAB5C720039A208 /* Release */,
			);
			defaultConfigurationIsVisible = 0;
			defaultConfigurationName = Release;
		};
		3B89251E1EAB5C720039A208 /* Build configuration list for PBXNativeTarget "SouJiao" */ = {
			isa = XCConfigurationList;
			buildConfigurations = (
				3B89251F1EAB5C720039A208 /* Debug */,
				3B8925201EAB5C720039A208 /* Release */,
			);
			defaultConfigurationIsVisible = 0;
		};
/* End XCConfigurationList section */
	};
	rootObject = 3B8924FF1EAB5C710039A208 /* Project object */;
}
