// !$*UTF8*$!
{
	archiveVersion = 1;
	classes = {
	};
	objectVersion = 46;
	objects = {

/* Begin PBXBuildFile section */
		3B14BCB51ED1C248002AC085 /* SJBaseItem.m in Sources */ = {isa = PBXBuildFile; fileRef = 3B14BCB41ED1C248002AC085 /* SJBaseItem.m */; };
		3B14BCBA1ED1CA4D002AC085 /* SJRegisterViewController.m in Sources */ = {isa = PBXBuildFile; fileRef = 3B14BCB81ED1CA4D002AC085 /* SJRegisterViewController.m */; };
		3B14BCBB1ED1CA4D002AC085 /* SJRegisterViewController.xib in Resources */ = {isa = PBXBuildFile; fileRef = 3B14BCB91ED1CA4D002AC085 /* SJRegisterViewController.xib */; };
		3B14BCBF1ED1CD30002AC085 /* SJRegisterTableViewCell.m in Sources */ = {isa = PBXBuildFile; fileRef = 3B14BCBD1ED1CD30002AC085 /* SJRegisterTableViewCell.m */; };
		3B14BCC01ED1CD30002AC085 /* SJRegisterTableViewCell.xib in Resources */ = {isa = PBXBuildFile; fileRef = 3B14BCBE1ED1CD30002AC085 /* SJRegisterTableViewCell.xib */; };
		3B40C8711EDD0FDC002BE89C /* SJPersonalRegViewController.xib in Resources */ = {isa = PBXBuildFile; fileRef = 3B40C8701EDD0FDC002BE89C /* SJPersonalRegViewController.xib */; };
		3B40C8761EDD17F1002BE89C /* SJMapViewController.m in Sources */ = {isa = PBXBuildFile; fileRef = 3B40C8741EDD17F1002BE89C /* SJMapViewController.m */; };
		3B40C8771EDD17F1002BE89C /* SJMapViewController.xib in Resources */ = {isa = PBXBuildFile; fileRef = 3B40C8751EDD17F1002BE89C /* SJMapViewController.xib */; };
		3B40C87B1EDD185C002BE89C /* SJOrganzationRegStep2.m in Sources */ = {isa = PBXBuildFile; fileRef = 3B40C8791EDD185C002BE89C /* SJOrganzationRegStep2.m */; };
		3B40C87C1EDD185C002BE89C /* SJOrganzationRegStep2.xib in Resources */ = {isa = PBXBuildFile; fileRef = 3B40C87A1EDD185C002BE89C /* SJOrganzationRegStep2.xib */; };
		3B40C8801EDD189B002BE89C /* SJOrganzationRegStep3.m in Sources */ = {isa = PBXBuildFile; fileRef = 3B40C87E1EDD189B002BE89C /* SJOrganzationRegStep3.m */; };
		3B40C8811EDD189B002BE89C /* SJOrganzationRegStep3.xib in Resources */ = {isa = PBXBuildFile; fileRef = 3B40C87F1EDD189B002BE89C /* SJOrganzationRegStep3.xib */; };
		3B40C8851EDD1A19002BE89C /* SJOrganzationRegStep4.m in Sources */ = {isa = PBXBuildFile; fileRef = 3B40C8831EDD1A19002BE89C /* SJOrganzationRegStep4.m */; };
		3B40C8861EDD1A19002BE89C /* SJOrganzationRegStep4.xib in Resources */ = {isa = PBXBuildFile; fileRef = 3B40C8841EDD1A19002BE89C /* SJOrganzationRegStep4.xib */; };
		3B40C8891EDDAEA4002BE89C /* UIColor+CustomColor.m in Sources */ = {isa = PBXBuildFile; fileRef = 3B40C8881EDDAEA4002BE89C /* UIColor+CustomColor.m */; };
		3B60FC8E1EDDB58B002F17B9 /* SJRegisterInputView.m in Sources */ = {isa = PBXBuildFile; fileRef = 3B60FC8D1EDDB58B002F17B9 /* SJRegisterInputView.m */; };
		3B60FC901EDDB5A8002F17B9 /* SJRegisterInputView.xib in Resources */ = {isa = PBXBuildFile; fileRef = 3B60FC8F1EDDB5A8002F17B9 /* SJRegisterInputView.xib */; };
		3B6775151EDC4B2500D5720E /* DLNavigationTabBar.m in Sources */ = {isa = PBXBuildFile; fileRef = 3B6775141EDC4B2500D5720E /* DLNavigationTabBar.m */; };
		3B6775181EDC4F0000D5720E /* SJLoginSelectViewController.m in Sources */ = {isa = PBXBuildFile; fileRef = 3B6775171EDC4F0000D5720E /* SJLoginSelectViewController.m */; };
		3B67751B1EDC6BEB00D5720E /* SJPersonalRegViewController.m in Sources */ = {isa = PBXBuildFile; fileRef = 3B67751A1EDC6BEB00D5720E /* SJPersonalRegViewController.m */; };
		3B67751F1EDC6C0900D5720E /* SJOrganzationRegStep1.m in Sources */ = {isa = PBXBuildFile; fileRef = 3B67751D1EDC6C0900D5720E /* SJOrganzationRegStep1.m */; };
		3B6775201EDC6C0900D5720E /* SJOrganzationRegStep1.xib in Resources */ = {isa = PBXBuildFile; fileRef = 3B67751E1EDC6C0900D5720E /* SJOrganzationRegStep1.xib */; };
		3B857D021EC751D200764354 /* SJLoginViewController.m in Sources */ = {isa = PBXBuildFile; fileRef = 3B857CFB1EC751D200764354 /* SJLoginViewController.m */; };
		3B857D031EC751D200764354 /* SJLoginViewController.xib in Resources */ = {isa = PBXBuildFile; fileRef = 3B857CFC1EC751D200764354 /* SJLoginViewController.xib */; };
		3B857D061EC751D200764354 /* SJMineViewController.m in Sources */ = {isa = PBXBuildFile; fileRef = 3B857D011EC751D200764354 /* SJMineViewController.m */; };
		3B857D0C1EC7521600764354 /* SJAdvertiseViewController.m in Sources */ = {isa = PBXBuildFile; fileRef = 3B857D091EC7521600764354 /* SJAdvertiseViewController.m */; };
		3B857D0D1EC7521600764354 /* SJAdvertiseViewController.xib in Resources */ = {isa = PBXBuildFile; fileRef = 3B857D0A1EC7521600764354 /* SJAdvertiseViewController.xib */; };
		3B89250C1EAB5C710039A208 /* main.m in Sources */ = {isa = PBXBuildFile; fileRef = 3B89250B1EAB5C710039A208 /* main.m */; };
		3B89250F1EAB5C710039A208 /* AppDelegate.m in Sources */ = {isa = PBXBuildFile; fileRef = 3B89250E1EAB5C710039A208 /* AppDelegate.m */; };
		3B8925171EAB5C720039A208 /* Assets.xcassets in Resources */ = {isa = PBXBuildFile; fileRef = 3B8925161EAB5C720039A208 /* Assets.xcassets */; };
		3B89251A1EAB5C720039A208 /* LaunchScreen.storyboard in Resources */ = {isa = PBXBuildFile; fileRef = 3B8925181EAB5C720039A208 /* LaunchScreen.storyboard */; };
		3BA0CE1E1EC821C2003F37F8 /* SJMineViewController.xib in Resources */ = {isa = PBXBuildFile; fileRef = 3BA0CE1D1EC821C2003F37F8 /* SJMineViewController.xib */; };
		3BA0CE211EC82534003F37F8 /* SJUserProfileView.m in Sources */ = {isa = PBXBuildFile; fileRef = 3BA0CE201EC82534003F37F8 /* SJUserProfileView.m */; };
		3BA0CE251EC82554003F37F8 /* SJBaseViewController.m in Sources */ = {isa = PBXBuildFile; fileRef = 3BA0CE241EC82554003F37F8 /* SJBaseViewController.m */; };
		3BA0CE281EC82565003F37F8 /* SJBaseView.m in Sources */ = {isa = PBXBuildFile; fileRef = 3BA0CE271EC82565003F37F8 /* SJBaseView.m */; };
		3BA0CE2A1EC82583003F37F8 /* SJUserProfileView.xib in Resources */ = {isa = PBXBuildFile; fileRef = 3BA0CE291EC82583003F37F8 /* SJUserProfileView.xib */; };
		3BA0CE2E1EC84EF7003F37F8 /* SJSearchManager.m in Sources */ = {isa = PBXBuildFile; fileRef = 3BA0CE2D1EC84EF7003F37F8 /* SJSearchManager.m */; };
		3BA0CE301EC85029003F37F8 /* CoreLocation.framework in Frameworks */ = {isa = PBXBuildFile; fileRef = 3BA0CE2F1EC85029003F37F8 /* CoreLocation.framework */; };
		3BA0CE331EC851D7003F37F8 /* SJUserManager.m in Sources */ = {isa = PBXBuildFile; fileRef = 3BA0CE321EC851D7003F37F8 /* SJUserManager.m */; };
		3BA0CE3A1EC897D7003F37F8 /* UIDevice+Common.m in Sources */ = {isa = PBXBuildFile; fileRef = 3BA0CE391EC897D7003F37F8 /* UIDevice+Common.m */; };
		3BA0CE3D1EC89869003F37F8 /* UIView+Frame.m in Sources */ = {isa = PBXBuildFile; fileRef = 3BA0CE3C1EC89869003F37F8 /* UIView+Frame.m */; };
		3BA0CE401EC89A64003F37F8 /* SJUtility.m in Sources */ = {isa = PBXBuildFile; fileRef = 3BA0CE3F1EC89A64003F37F8 /* SJUtility.m */; };
		3BE7EDD11EACB11A00B73832 /* SJBusinessUser.m in Sources */ = {isa = PBXBuildFile; fileRef = 3BE7EDCC1EACB11A00B73832 /* SJBusinessUser.m */; };
		3BE7EDD21EACB11A00B73832 /* SJGeneralUser.m in Sources */ = {isa = PBXBuildFile; fileRef = 3BE7EDCE1EACB11A00B73832 /* SJGeneralUser.m */; };
		3BE7EDD31EACB11A00B73832 /* SJUser.m in Sources */ = {isa = PBXBuildFile; fileRef = 3BE7EDD01EACB11A00B73832 /* SJUser.m */; };
		3BE7EDD71EACB1FF00B73832 /* SJUserProfiles.m in Sources */ = {isa = PBXBuildFile; fileRef = 3BE7EDD61EACB1FF00B73832 /* SJUserProfiles.m */; };
		3BE7EDDB1EACB2DD00B73832 /* SJLoginCenter.m in Sources */ = {isa = PBXBuildFile; fileRef = 3BE7EDDA1EACB2DD00B73832 /* SJLoginCenter.m */; };
		3BE7EDE51EACB67100B73832 /* SJRootViewController.m in Sources */ = {isa = PBXBuildFile; fileRef = 3BE7EDE41EACB67100B73832 /* SJRootViewController.m */; };
		3BE7EDE81EACB68B00B73832 /* SJMainViewController.m in Sources */ = {isa = PBXBuildFile; fileRef = 3BE7EDE71EACB68B00B73832 /* SJMainViewController.m */; };
		3BE7EDF81EACE45A00B73832 /* SJMainViewController.xib in Resources */ = {isa = PBXBuildFile; fileRef = 3BE7EDF71EACE45A00B73832 /* SJMainViewController.xib */; };
		5FEB04B5DE175C7E610F03FB /* libPods-SouJiao.a in Frameworks */ = {isa = PBXBuildFile; fileRef = 9C9E4FD210C6204DFB5FC382 /* libPods-SouJiao.a */; };
/* End PBXBuildFile section */

/* Begin PBXFileReference section */
		3B14BCB31ED1C248002AC085 /* SJBaseItem.h */ = {isa = PBXFileReference; fileEncoding = 4; lastKnownFileType = sourcecode.c.h; path = SJBaseItem.h; sourceTree = "<group>"; };
		3B14BCB41ED1C248002AC085 /* SJBaseItem.m */ = {isa = PBXFileReference; fileEncoding = 4; lastKnownFileType = sourcecode.c.objc; path = SJBaseItem.m; sourceTree = "<group>"; };
		3B14BCB71ED1CA4D002AC085 /* SJRegisterViewController.h */ = {isa = PBXFileReference; fileEncoding = 4; lastKnownFileType = sourcecode.c.h; path = SJRegisterViewController.h; sourceTree = "<group>"; };
		3B14BCB81ED1CA4D002AC085 /* SJRegisterViewController.m */ = {isa = PBXFileReference; fileEncoding = 4; lastKnownFileType = sourcecode.c.objc; path = SJRegisterViewController.m; sourceTree = "<group>"; };
		3B14BCB91ED1CA4D002AC085 /* SJRegisterViewController.xib */ = {isa = PBXFileReference; fileEncoding = 4; lastKnownFileType = file.xib; path = SJRegisterViewController.xib; sourceTree = "<group>"; };
		3B14BCBC1ED1CD30002AC085 /* SJRegisterTableViewCell.h */ = {isa = PBXFileReference; fileEncoding = 4; lastKnownFileType = sourcecode.c.h; path = SJRegisterTableViewCell.h; sourceTree = "<group>"; };
		3B14BCBD1ED1CD30002AC085 /* SJRegisterTableViewCell.m */ = {isa = PBXFileReference; fileEncoding = 4; lastKnownFileType = sourcecode.c.objc; path = SJRegisterTableViewCell.m; sourceTree = "<group>"; };
		3B14BCBE1ED1CD30002AC085 /* SJRegisterTableViewCell.xib */ = {isa = PBXFileReference; fileEncoding = 4; lastKnownFileType = file.xib; path = SJRegisterTableViewCell.xib; sourceTree = "<group>"; };
		3B40C8701EDD0FDC002BE89C /* SJPersonalRegViewController.xib */ = {isa = PBXFileReference; fileEncoding = 4; lastKnownFileType = file.xib; path = SJPersonalRegViewController.xib; sourceTree = "<group>"; };
		3B40C8731EDD17F1002BE89C /* SJMapViewController.h */ = {isa = PBXFileReference; fileEncoding = 4; lastKnownFileType = sourcecode.c.h; path = SJMapViewController.h; sourceTree = "<group>"; };
		3B40C8741EDD17F1002BE89C /* SJMapViewController.m */ = {isa = PBXFileReference; fileEncoding = 4; lastKnownFileType = sourcecode.c.objc; path = SJMapViewController.m; sourceTree = "<group>"; };
		3B40C8751EDD17F1002BE89C /* SJMapViewController.xib */ = {isa = PBXFileReference; fileEncoding = 4; lastKnownFileType = file.xib; path = SJMapViewController.xib; sourceTree = "<group>"; };
		3B40C8781EDD185C002BE89C /* SJOrganzationRegStep2.h */ = {isa = PBXFileReference; fileEncoding = 4; lastKnownFileType = sourcecode.c.h; path = SJOrganzationRegStep2.h; sourceTree = "<group>"; };
		3B40C8791EDD185C002BE89C /* SJOrganzationRegStep2.m */ = {isa = PBXFileReference; fileEncoding = 4; lastKnownFileType = sourcecode.c.objc; path = SJOrganzationRegStep2.m; sourceTree = "<group>"; };
		3B40C87A1EDD185C002BE89C /* SJOrganzationRegStep2.xib */ = {isa = PBXFileReference; fileEncoding = 4; lastKnownFileType = file.xib; path = SJOrganzationRegStep2.xib; sourceTree = "<group>"; };
		3B40C87D1EDD189B002BE89C /* SJOrganzationRegStep3.h */ = {isa = PBXFileReference; fileEncoding = 4; lastKnownFileType = sourcecode.c.h; path = SJOrganzationRegStep3.h; sourceTree = "<group>"; };
		3B40C87E1EDD189B002BE89C /* SJOrganzationRegStep3.m */ = {isa = PBXFileReference; fileEncoding = 4; lastKnownFileType = sourcecode.c.objc; path = SJOrganzationRegStep3.m; sourceTree = "<group>"; };
		3B40C87F1EDD189B002BE89C /* SJOrganzationRegStep3.xib */ = {isa = PBXFileReference; fileEncoding = 4; lastKnownFileType = file.xib; path = SJOrganzationRegStep3.xib; sourceTree = "<group>"; };
		3B40C8821EDD1A19002BE89C /* SJOrganzationRegStep4.h */ = {isa = PBXFileReference; fileEncoding = 4; lastKnownFileType = sourcecode.c.h; path = SJOrganzationRegStep4.h; sourceTree = "<group>"; };
		3B40C8831EDD1A19002BE89C /* SJOrganzationRegStep4.m */ = {isa = PBXFileReference; fileEncoding = 4; lastKnownFileType = sourcecode.c.objc; path = SJOrganzationRegStep4.m; sourceTree = "<group>"; };
		3B40C8841EDD1A19002BE89C /* SJOrganzationRegStep4.xib */ = {isa = PBXFileReference; fileEncoding = 4; lastKnownFileType = file.xib; path = SJOrganzationRegStep4.xib; sourceTree = "<group>"; };
		3B40C8871EDDAEA4002BE89C /* UIColor+CustomColor.h */ = {isa = PBXFileReference; fileEncoding = 4; lastKnownFileType = sourcecode.c.h; path = "UIColor+CustomColor.h"; sourceTree = "<group>"; };
		3B40C8881EDDAEA4002BE89C /* UIColor+CustomColor.m */ = {isa = PBXFileReference; fileEncoding = 4; lastKnownFileType = sourcecode.c.objc; path = "UIColor+CustomColor.m"; sourceTree = "<group>"; };
		3B60FC8C1EDDB58B002F17B9 /* SJRegisterInputView.h */ = {isa = PBXFileReference; fileEncoding = 4; lastKnownFileType = sourcecode.c.h; path = SJRegisterInputView.h; sourceTree = "<group>"; };
		3B60FC8D1EDDB58B002F17B9 /* SJRegisterInputView.m */ = {isa = PBXFileReference; fileEncoding = 4; lastKnownFileType = sourcecode.c.objc; path = SJRegisterInputView.m; sourceTree = "<group>"; };
		3B60FC8F1EDDB5A8002F17B9 /* SJRegisterInputView.xib */ = {isa = PBXFileReference; fileEncoding = 4; lastKnownFileType = file.xib; path = SJRegisterInputView.xib; sourceTree = "<group>"; };
		3B6775131EDC4B2500D5720E /* DLNavigationTabBar.h */ = {isa = PBXFileReference; fileEncoding = 4; lastKnownFileType = sourcecode.c.h; path = DLNavigationTabBar.h; sourceTree = "<group>"; };
		3B6775141EDC4B2500D5720E /* DLNavigationTabBar.m */ = {isa = PBXFileReference; fileEncoding = 4; lastKnownFileType = sourcecode.c.objc; path = DLNavigationTabBar.m; sourceTree = "<group>"; };
		3B6775161EDC4F0000D5720E /* SJLoginSelectViewController.h */ = {isa = PBXFileReference; fileEncoding = 4; lastKnownFileType = sourcecode.c.h; path = SJLoginSelectViewController.h; sourceTree = "<group>"; };
		3B6775171EDC4F0000D5720E /* SJLoginSelectViewController.m */ = {isa = PBXFileReference; fileEncoding = 4; lastKnownFileType = sourcecode.c.objc; path = SJLoginSelectViewController.m; sourceTree = "<group>"; };
		3B6775191EDC6BEB00D5720E /* SJPersonalRegViewController.h */ = {isa = PBXFileReference; fileEncoding = 4; lastKnownFileType = sourcecode.c.h; path = SJPersonalRegViewController.h; sourceTree = "<group>"; };
		3B67751A1EDC6BEB00D5720E /* SJPersonalRegViewController.m */ = {isa = PBXFileReference; fileEncoding = 4; lastKnownFileType = sourcecode.c.objc; path = SJPersonalRegViewController.m; sourceTree = "<group>"; };
		3B67751C1EDC6C0900D5720E /* SJOrganzationRegStep1.h */ = {isa = PBXFileReference; fileEncoding = 4; lastKnownFileType = sourcecode.c.h; path = SJOrganzationRegStep1.h; sourceTree = "<group>"; };
		3B67751D1EDC6C0900D5720E /* SJOrganzationRegStep1.m */ = {isa = PBXFileReference; fileEncoding = 4; lastKnownFileType = sourcecode.c.objc; path = SJOrganzationRegStep1.m; sourceTree = "<group>"; };
		3B67751E1EDC6C0900D5720E /* SJOrganzationRegStep1.xib */ = {isa = PBXFileReference; fileEncoding = 4; lastKnownFileType = file.xib; path = SJOrganzationRegStep1.xib; sourceTree = "<group>"; };
		3B857CFA1EC751D200764354 /* SJLoginViewController.h */ = {isa = PBXFileReference; fileEncoding = 4; lastKnownFileType = sourcecode.c.h; path = SJLoginViewController.h; sourceTree = "<group>"; };
		3B857CFB1EC751D200764354 /* SJLoginViewController.m */ = {isa = PBXFileReference; fileEncoding = 4; lastKnownFileType = sourcecode.c.objc; path = SJLoginViewController.m; sourceTree = "<group>"; };
		3B857CFC1EC751D200764354 /* SJLoginViewController.xib */ = {isa = PBXFileReference; fileEncoding = 4; lastKnownFileType = file.xib; path = SJLoginViewController.xib; sourceTree = "<group>"; };
		3B857D001EC751D200764354 /* SJMineViewController.h */ = {isa = PBXFileReference; fileEncoding = 4; lastKnownFileType = sourcecode.c.h; path = SJMineViewController.h; sourceTree = "<group>"; };
		3B857D011EC751D200764354 /* SJMineViewController.m */ = {isa = PBXFileReference; fileEncoding = 4; lastKnownFileType = sourcecode.c.objc; path = SJMineViewController.m; sourceTree = "<group>"; };
		3B857D081EC7521600764354 /* SJAdvertiseViewController.h */ = {isa = PBXFileReference; fileEncoding = 4; lastKnownFileType = sourcecode.c.h; path = SJAdvertiseViewController.h; sourceTree = "<group>"; };
		3B857D091EC7521600764354 /* SJAdvertiseViewController.m */ = {isa = PBXFileReference; fileEncoding = 4; lastKnownFileType = sourcecode.c.objc; path = SJAdvertiseViewController.m; sourceTree = "<group>"; };
		3B857D0A1EC7521600764354 /* SJAdvertiseViewController.xib */ = {isa = PBXFileReference; fileEncoding = 4; lastKnownFileType = file.xib; path = SJAdvertiseViewController.xib; sourceTree = "<group>"; };
		3B8925071EAB5C710039A208 /* SouJiao.app */ = {isa = PBXFileReference; explicitFileType = wrapper.application; includeInIndex = 0; path = SouJiao.app; sourceTree = BUILT_PRODUCTS_DIR; };
		3B89250B1EAB5C710039A208 /* main.m */ = {isa = PBXFileReference; lastKnownFileType = sourcecode.c.objc; path = main.m; sourceTree = "<group>"; };
		3B89250D1EAB5C710039A208 /* AppDelegate.h */ = {isa = PBXFileReference; lastKnownFileType = sourcecode.c.h; path = AppDelegate.h; sourceTree = "<group>"; };
		3B89250E1EAB5C710039A208 /* AppDelegate.m */ = {isa = PBXFileReference; lastKnownFileType = sourcecode.c.objc; path = AppDelegate.m; sourceTree = "<group>"; };
		3B8925161EAB5C720039A208 /* Assets.xcassets */ = {isa = PBXFileReference; lastKnownFileType = folder.assetcatalog; name = Assets.xcassets; path = ../Assets.xcassets; sourceTree = "<group>"; };
		3B8925191EAB5C720039A208 /* Base */ = {isa = PBXFileReference; lastKnownFileType = file.storyboard; name = Base; path = Base.lproj/LaunchScreen.storyboard; sourceTree = "<group>"; };
		3B89251B1EAB5C720039A208 /* Info.plist */ = {isa = PBXFileReference; lastKnownFileType = text.plist.xml; path = Info.plist; sourceTree = "<group>"; };
		3BA0CE1D1EC821C2003F37F8 /* SJMineViewController.xib */ = {isa = PBXFileReference; fileEncoding = 4; lastKnownFileType = file.xib; path = SJMineViewController.xib; sourceTree = "<group>"; };
		3BA0CE1F1EC82534003F37F8 /* SJUserProfileView.h */ = {isa = PBXFileReference; fileEncoding = 4; lastKnownFileType = sourcecode.c.h; path = SJUserProfileView.h; sourceTree = "<group>"; };
		3BA0CE201EC82534003F37F8 /* SJUserProfileView.m */ = {isa = PBXFileReference; fileEncoding = 4; lastKnownFileType = sourcecode.c.objc; path = SJUserProfileView.m; sourceTree = "<group>"; };
		3BA0CE231EC82554003F37F8 /* SJBaseViewController.h */ = {isa = PBXFileReference; fileEncoding = 4; lastKnownFileType = sourcecode.c.h; path = SJBaseViewController.h; sourceTree = "<group>"; };
		3BA0CE241EC82554003F37F8 /* SJBaseViewController.m */ = {isa = PBXFileReference; fileEncoding = 4; lastKnownFileType = sourcecode.c.objc; path = SJBaseViewController.m; sourceTree = "<group>"; };
		3BA0CE261EC82565003F37F8 /* SJBaseView.h */ = {isa = PBXFileReference; fileEncoding = 4; lastKnownFileType = sourcecode.c.h; path = SJBaseView.h; sourceTree = "<group>"; };
		3BA0CE271EC82565003F37F8 /* SJBaseView.m */ = {isa = PBXFileReference; fileEncoding = 4; lastKnownFileType = sourcecode.c.objc; path = SJBaseView.m; sourceTree = "<group>"; };
		3BA0CE291EC82583003F37F8 /* SJUserProfileView.xib */ = {isa = PBXFileReference; fileEncoding = 4; lastKnownFileType = file.xib; path = SJUserProfileView.xib; sourceTree = "<group>"; };
		3BA0CE2B1EC83CDB003F37F8 /* PrefixHeader.pch */ = {isa = PBXFileReference; lastKnownFileType = sourcecode.c.h; path = PrefixHeader.pch; sourceTree = "<group>"; };
		3BA0CE2C1EC84EF7003F37F8 /* SJSearchManager.h */ = {isa = PBXFileReference; fileEncoding = 4; lastKnownFileType = sourcecode.c.h; path = SJSearchManager.h; sourceTree = "<group>"; };
		3BA0CE2D1EC84EF7003F37F8 /* SJSearchManager.m */ = {isa = PBXFileReference; fileEncoding = 4; lastKnownFileType = sourcecode.c.objc; path = SJSearchManager.m; sourceTree = "<group>"; };
		3BA0CE2F1EC85029003F37F8 /* CoreLocation.framework */ = {isa = PBXFileReference; lastKnownFileType = wrapper.framework; name = CoreLocation.framework; path = System/Library/Frameworks/CoreLocation.framework; sourceTree = SDKROOT; };
		3BA0CE311EC851D7003F37F8 /* SJUserManager.h */ = {isa = PBXFileReference; fileEncoding = 4; lastKnownFileType = sourcecode.c.h; path = SJUserManager.h; sourceTree = "<group>"; };
		3BA0CE321EC851D7003F37F8 /* SJUserManager.m */ = {isa = PBXFileReference; fileEncoding = 4; lastKnownFileType = sourcecode.c.objc; path = SJUserManager.m; sourceTree = "<group>"; };
		3BA0CE381EC897D7003F37F8 /* UIDevice+Common.h */ = {isa = PBXFileReference; fileEncoding = 4; lastKnownFileType = sourcecode.c.h; path = "UIDevice+Common.h"; sourceTree = "<group>"; };
		3BA0CE391EC897D7003F37F8 /* UIDevice+Common.m */ = {isa = PBXFileReference; fileEncoding = 4; lastKnownFileType = sourcecode.c.objc; path = "UIDevice+Common.m"; sourceTree = "<group>"; };
		3BA0CE3B1EC89869003F37F8 /* UIView+Frame.h */ = {isa = PBXFileReference; fileEncoding = 4; lastKnownFileType = sourcecode.c.h; path = "UIView+Frame.h"; sourceTree = "<group>"; };
		3BA0CE3C1EC89869003F37F8 /* UIView+Frame.m */ = {isa = PBXFileReference; fileEncoding = 4; lastKnownFileType = sourcecode.c.objc; path = "UIView+Frame.m"; sourceTree = "<group>"; };
		3BA0CE3E1EC89A64003F37F8 /* SJUtility.h */ = {isa = PBXFileReference; fileEncoding = 4; lastKnownFileType = sourcecode.c.h; path = SJUtility.h; sourceTree = "<group>"; };
		3BA0CE3F1EC89A64003F37F8 /* SJUtility.m */ = {isa = PBXFileReference; fileEncoding = 4; lastKnownFileType = sourcecode.c.objc; path = SJUtility.m; sourceTree = "<group>"; };
		3BE7EDCB1EACB11A00B73832 /* SJBusinessUser.h */ = {isa = PBXFileReference; fileEncoding = 4; lastKnownFileType = sourcecode.c.h; path = SJBusinessUser.h; sourceTree = "<group>"; };
		3BE7EDCC1EACB11A00B73832 /* SJBusinessUser.m */ = {isa = PBXFileReference; fileEncoding = 4; lastKnownFileType = sourcecode.c.objc; path = SJBusinessUser.m; sourceTree = "<group>"; };
		3BE7EDCD1EACB11A00B73832 /* SJGeneralUser.h */ = {isa = PBXFileReference; fileEncoding = 4; lastKnownFileType = sourcecode.c.h; path = SJGeneralUser.h; sourceTree = "<group>"; };
		3BE7EDCE1EACB11A00B73832 /* SJGeneralUser.m */ = {isa = PBXFileReference; fileEncoding = 4; lastKnownFileType = sourcecode.c.objc; path = SJGeneralUser.m; sourceTree = "<group>"; };
		3BE7EDCF1EACB11A00B73832 /* SJUser.h */ = {isa = PBXFileReference; fileEncoding = 4; lastKnownFileType = sourcecode.c.h; path = SJUser.h; sourceTree = "<group>"; };
		3BE7EDD01EACB11A00B73832 /* SJUser.m */ = {isa = PBXFileReference; fileEncoding = 4; lastKnownFileType = sourcecode.c.objc; path = SJUser.m; sourceTree = "<group>"; };
		3BE7EDD51EACB1FF00B73832 /* SJUserProfiles.h */ = {isa = PBXFileReference; fileEncoding = 4; lastKnownFileType = sourcecode.c.h; path = SJUserProfiles.h; sourceTree = "<group>"; };
		3BE7EDD61EACB1FF00B73832 /* SJUserProfiles.m */ = {isa = PBXFileReference; fileEncoding = 4; lastKnownFileType = sourcecode.c.objc; path = SJUserProfiles.m; sourceTree = "<group>"; };
		3BE7EDD91EACB2DD00B73832 /* SJLoginCenter.h */ = {isa = PBXFileReference; fileEncoding = 4; lastKnownFileType = sourcecode.c.h; path = SJLoginCenter.h; sourceTree = "<group>"; };
		3BE7EDDA1EACB2DD00B73832 /* SJLoginCenter.m */ = {isa = PBXFileReference; fileEncoding = 4; lastKnownFileType = sourcecode.c.objc; path = SJLoginCenter.m; sourceTree = "<group>"; };
		3BE7EDE31EACB67100B73832 /* SJRootViewController.h */ = {isa = PBXFileReference; fileEncoding = 4; lastKnownFileType = sourcecode.c.h; path = SJRootViewController.h; sourceTree = "<group>"; };
		3BE7EDE41EACB67100B73832 /* SJRootViewController.m */ = {isa = PBXFileReference; fileEncoding = 4; lastKnownFileType = sourcecode.c.objc; path = SJRootViewController.m; sourceTree = "<group>"; };
		3BE7EDE61EACB68B00B73832 /* SJMainViewController.h */ = {isa = PBXFileReference; fileEncoding = 4; lastKnownFileType = sourcecode.c.h; path = SJMainViewController.h; sourceTree = "<group>"; };
		3BE7EDE71EACB68B00B73832 /* SJMainViewController.m */ = {isa = PBXFileReference; fileEncoding = 4; lastKnownFileType = sourcecode.c.objc; path = SJMainViewController.m; sourceTree = "<group>"; };
		3BE7EDF71EACE45A00B73832 /* SJMainViewController.xib */ = {isa = PBXFileReference; fileEncoding = 4; lastKnownFileType = file.xib; path = SJMainViewController.xib; sourceTree = "<group>"; };
		772B1564477F133C8BF3471B /* Pods-SouJiao.debug.xcconfig */ = {isa = PBXFileReference; includeInIndex = 1; lastKnownFileType = text.xcconfig; name = "Pods-SouJiao.debug.xcconfig"; path = "Pods/Target Support Files/Pods-SouJiao/Pods-SouJiao.debug.xcconfig"; sourceTree = "<group>"; };
		8D5685EB34D152C3114858E6 /* Pods-SouJiao.release.xcconfig */ = {isa = PBXFileReference; includeInIndex = 1; lastKnownFileType = text.xcconfig; name = "Pods-SouJiao.release.xcconfig"; path = "Pods/Target Support Files/Pods-SouJiao/Pods-SouJiao.release.xcconfig"; sourceTree = "<group>"; };
		9C9E4FD210C6204DFB5FC382 /* libPods-SouJiao.a */ = {isa = PBXFileReference; explicitFileType = archive.ar; includeInIndex = 0; path = "libPods-SouJiao.a"; sourceTree = BUILT_PRODUCTS_DIR; };
/* End PBXFileReference section */

/* Begin PBXFrameworksBuildPhase section */
		3B8925041EAB5C710039A208 /* Frameworks */ = {
			isa = PBXFrameworksBuildPhase;
			buildActionMask = 2147483647;
			files = (
				3BA0CE301EC85029003F37F8 /* CoreLocation.framework in Frameworks */,
				5FEB04B5DE175C7E610F03FB /* libPods-SouJiao.a in Frameworks */,
			);
			runOnlyForDeploymentPostprocessing = 0;
		};
/* End PBXFrameworksBuildPhase section */

/* Begin PBXGroup section */
		04D482D715C51D3D8B0FF190 /* Pods */ = {
			isa = PBXGroup;
			children = (
				772B1564477F133C8BF3471B /* Pods-SouJiao.debug.xcconfig */,
				8D5685EB34D152C3114858E6 /* Pods-SouJiao.release.xcconfig */,
			);
			name = Pods;
			sourceTree = "<group>";
		};
		3B14BCB21ED1C229002AC085 /* Public */ = {
			isa = PBXGroup;
			children = (
				3B6775131EDC4B2500D5720E /* DLNavigationTabBar.h */,
				3B6775141EDC4B2500D5720E /* DLNavigationTabBar.m */,
				3B14BCB31ED1C248002AC085 /* SJBaseItem.h */,
				3B14BCB41ED1C248002AC085 /* SJBaseItem.m */,
			);
			path = Public;
			sourceTree = "<group>";
		};
		3B14BCB61ED1CA14002AC085 /* Register */ = {
			isa = PBXGroup;
			children = (
				3B14BCB71ED1CA4D002AC085 /* SJRegisterViewController.h */,
				3B14BCB81ED1CA4D002AC085 /* SJRegisterViewController.m */,
				3B14BCB91ED1CA4D002AC085 /* SJRegisterViewController.xib */,
				3B14BCBC1ED1CD30002AC085 /* SJRegisterTableViewCell.h */,
				3B14BCBD1ED1CD30002AC085 /* SJRegisterTableViewCell.m */,
				3B14BCBE1ED1CD30002AC085 /* SJRegisterTableViewCell.xib */,
				3B6775191EDC6BEB00D5720E /* SJPersonalRegViewController.h */,
				3B67751A1EDC6BEB00D5720E /* SJPersonalRegViewController.m */,
				3B40C8701EDD0FDC002BE89C /* SJPersonalRegViewController.xib */,
				3B67751C1EDC6C0900D5720E /* SJOrganzationRegStep1.h */,
				3B67751D1EDC6C0900D5720E /* SJOrganzationRegStep1.m */,
				3B67751E1EDC6C0900D5720E /* SJOrganzationRegStep1.xib */,
				3B40C8781EDD185C002BE89C /* SJOrganzationRegStep2.h */,
				3B40C8791EDD185C002BE89C /* SJOrganzationRegStep2.m */,
				3B40C87A1EDD185C002BE89C /* SJOrganzationRegStep2.xib */,
				3B40C87D1EDD189B002BE89C /* SJOrganzationRegStep3.h */,
				3B40C87E1EDD189B002BE89C /* SJOrganzationRegStep3.m */,
				3B40C87F1EDD189B002BE89C /* SJOrganzationRegStep3.xib */,
				3B40C8821EDD1A19002BE89C /* SJOrganzationRegStep4.h */,
				3B40C8831EDD1A19002BE89C /* SJOrganzationRegStep4.m */,
				3B40C8841EDD1A19002BE89C /* SJOrganzationRegStep4.xib */,
				3B60FC8C1EDDB58B002F17B9 /* SJRegisterInputView.h */,
				3B60FC8D1EDDB58B002F17B9 /* SJRegisterInputView.m */,
				3B60FC8F1EDDB5A8002F17B9 /* SJRegisterInputView.xib */,
			);
			path = Register;
			sourceTree = "<group>";
		};
		3B40C8721EDD17E1002BE89C /* Common */ = {
			isa = PBXGroup;
			children = (
				3B40C8731EDD17F1002BE89C /* SJMapViewController.h */,
				3B40C8741EDD17F1002BE89C /* SJMapViewController.m */,
				3B40C8751EDD17F1002BE89C /* SJMapViewController.xib */,
			);
			path = Common;
			sourceTree = "<group>";
		};
		3B6775121EDC139300D5720E /* Resources */ = {
			isa = PBXGroup;
			children = (
				3B8925161EAB5C720039A208 /* Assets.xcassets */,
			);
			path = Resources;
			sourceTree = "<group>";
		};
		3B857CF81EC7518F00764354 /* Mine */ = {
			isa = PBXGroup;
			children = (
				3B14BCB61ED1CA14002AC085 /* Register */,
				3B857CF91EC751D200764354 /* Login */,
				3B857D001EC751D200764354 /* SJMineViewController.h */,
				3B857D011EC751D200764354 /* SJMineViewController.m */,
				3BA0CE1D1EC821C2003F37F8 /* SJMineViewController.xib */,
				3B6775161EDC4F0000D5720E /* SJLoginSelectViewController.h */,
				3B6775171EDC4F0000D5720E /* SJLoginSelectViewController.m */,
				3BA0CE1F1EC82534003F37F8 /* SJUserProfileView.h */,
				3BA0CE201EC82534003F37F8 /* SJUserProfileView.m */,
				3BA0CE291EC82583003F37F8 /* SJUserProfileView.xib */,
			);
			path = Mine;
			sourceTree = "<group>";
		};
		3B857CF91EC751D200764354 /* Login */ = {
			isa = PBXGroup;
			children = (
				3B857CFA1EC751D200764354 /* SJLoginViewController.h */,
				3B857CFB1EC751D200764354 /* SJLoginViewController.m */,
				3B857CFC1EC751D200764354 /* SJLoginViewController.xib */,
			);
			path = Login;
			sourceTree = "<group>";
		};
		3B857D071EC7521600764354 /* Advertise */ = {
			isa = PBXGroup;
			children = (
				3B857D081EC7521600764354 /* SJAdvertiseViewController.h */,
				3B857D091EC7521600764354 /* SJAdvertiseViewController.m */,
				3B857D0A1EC7521600764354 /* SJAdvertiseViewController.xib */,
			);
			path = Advertise;
			sourceTree = "<group>";
		};
		3B857D0B1EC7521600764354 /* List */ = {
			isa = PBXGroup;
			children = (
			);
			path = List;
			sourceTree = "<group>";
		};
		3B8924FE1EAB5C710039A208 = {
			isa = PBXGroup;
			children = (
				3B8925091EAB5C710039A208 /* SouJiao */,
				3B8925081EAB5C710039A208 /* Products */,
				04D482D715C51D3D8B0FF190 /* Pods */,
				72E7D7AC0A01B3B91B40EAF9 /* Frameworks */,
			);
			sourceTree = "<group>";
		};
		3B8925081EAB5C710039A208 /* Products */ = {
			isa = PBXGroup;
			children = (
				3B8925071EAB5C710039A208 /* SouJiao.app */,
			);
			name = Products;
			sourceTree = "<group>";
		};
		3B8925091EAB5C710039A208 /* SouJiao */ = {
			isa = PBXGroup;
			children = (
				3B6775121EDC139300D5720E /* Resources */,
				3B14BCB21ED1C229002AC085 /* Public */,
				3BA0CE341EC8972C003F37F8 /* Common */,
				3BE7EDDC1EACB54C00B73832 /* Controller */,
				3BE7EDC01EACAFDD00B73832 /* Modules */,
				3B89250D1EAB5C710039A208 /* AppDelegate.h */,
				3B89250E1EAB5C710039A208 /* AppDelegate.m */,
				3B8925181EAB5C720039A208 /* LaunchScreen.storyboard */,
				3B89251B1EAB5C720039A208 /* Info.plist */,
				3B89250A1EAB5C710039A208 /* Supporting Files */,
			);
			path = SouJiao;
			sourceTree = "<group>";
		};
		3B89250A1EAB5C710039A208 /* Supporting Files */ = {
			isa = PBXGroup;
			children = (
				3B89250B1EAB5C710039A208 /* main.m */,
				3BA0CE2B1EC83CDB003F37F8 /* PrefixHeader.pch */,
			);
			name = "Supporting Files";
			sourceTree = "<group>";
		};
		3BA0CE221EC82554003F37F8 /* Base */ = {
			isa = PBXGroup;
			children = (
				3BA0CE231EC82554003F37F8 /* SJBaseViewController.h */,
				3BA0CE241EC82554003F37F8 /* SJBaseViewController.m */,
				3BA0CE261EC82565003F37F8 /* SJBaseView.h */,
				3BA0CE271EC82565003F37F8 /* SJBaseView.m */,
			);
			path = Base;
			sourceTree = "<group>";
		};
		3BA0CE341EC8972C003F37F8 /* Common */ = {
			isa = PBXGroup;
			children = (
				3BA0CE351EC89758003F37F8 /* Extensions */,
				3BA0CE361EC89758003F37F8 /* Utilitys */,
			);
			path = Common;
			sourceTree = "<group>";
		};
		3BA0CE351EC89758003F37F8 /* Extensions */ = {
			isa = PBXGroup;
			children = (
				3BA0CE381EC897D7003F37F8 /* UIDevice+Common.h */,
				3BA0CE391EC897D7003F37F8 /* UIDevice+Common.m */,
				3BA0CE3B1EC89869003F37F8 /* UIView+Frame.h */,
				3BA0CE3C1EC89869003F37F8 /* UIView+Frame.m */,
				3B40C8871EDDAEA4002BE89C /* UIColor+CustomColor.h */,
				3B40C8881EDDAEA4002BE89C /* UIColor+CustomColor.m */,
			);
			path = Extensions;
			sourceTree = "<group>";
		};
		3BA0CE361EC89758003F37F8 /* Utilitys */ = {
			isa = PBXGroup;
			children = (
				3BA0CE3E1EC89A64003F37F8 /* SJUtility.h */,
				3BA0CE3F1EC89A64003F37F8 /* SJUtility.m */,
			);
			path = Utilitys;
			sourceTree = "<group>";
		};
		3BE7EDC01EACAFDD00B73832 /* Modules */ = {
			isa = PBXGroup;
			children = (
				3BE7EDD81EACB2CB00B73832 /* LoginCenter */,
				3BE7EDCA1EACB11A00B73832 /* User */,
				3BA0CE2C1EC84EF7003F37F8 /* SJSearchManager.h */,
				3BA0CE2D1EC84EF7003F37F8 /* SJSearchManager.m */,
				3BA0CE311EC851D7003F37F8 /* SJUserManager.h */,
				3BA0CE321EC851D7003F37F8 /* SJUserManager.m */,
			);
			path = Modules;
			sourceTree = "<group>";
		};
		3BE7EDCA1EACB11A00B73832 /* User */ = {
			isa = PBXGroup;
			children = (
				3BE7EDD41EACB1EC00B73832 /* Profiles */,
				3BE7EDCB1EACB11A00B73832 /* SJBusinessUser.h */,
				3BE7EDCC1EACB11A00B73832 /* SJBusinessUser.m */,
				3BE7EDCD1EACB11A00B73832 /* SJGeneralUser.h */,
				3BE7EDCE1EACB11A00B73832 /* SJGeneralUser.m */,
				3BE7EDCF1EACB11A00B73832 /* SJUser.h */,
				3BE7EDD01EACB11A00B73832 /* SJUser.m */,
			);
			path = User;
			sourceTree = "<group>";
		};
		3BE7EDD41EACB1EC00B73832 /* Profiles */ = {
			isa = PBXGroup;
			children = (
				3BE7EDD51EACB1FF00B73832 /* SJUserProfiles.h */,
				3BE7EDD61EACB1FF00B73832 /* SJUserProfiles.m */,
			);
			path = Profiles;
			sourceTree = "<group>";
		};
		3BE7EDD81EACB2CB00B73832 /* LoginCenter */ = {
			isa = PBXGroup;
			children = (
				3BE7EDD91EACB2DD00B73832 /* SJLoginCenter.h */,
				3BE7EDDA1EACB2DD00B73832 /* SJLoginCenter.m */,
			);
			path = LoginCenter;
			sourceTree = "<group>";
		};
		3BE7EDDC1EACB54C00B73832 /* Controller */ = {
			isa = PBXGroup;
			children = (
				3B40C8721EDD17E1002BE89C /* Common */,
				3BA0CE221EC82554003F37F8 /* Base */,
				3B857CF81EC7518F00764354 /* Mine */,
				3BE7EDDD1EACB5C700B73832 /* Main */,
				3BE7EDDE1EACB5C700B73832 /* Root */,
			);
			path = Controller;
			sourceTree = "<group>";
		};
		3BE7EDDD1EACB5C700B73832 /* Main */ = {
			isa = PBXGroup;
			children = (
				3B857D071EC7521600764354 /* Advertise */,
				3B857D0B1EC7521600764354 /* List */,
				3BE7EDE61EACB68B00B73832 /* SJMainViewController.h */,
				3BE7EDE71EACB68B00B73832 /* SJMainViewController.m */,
				3BE7EDF71EACE45A00B73832 /* SJMainViewController.xib */,
			);
			path = Main;
			sourceTree = "<group>";
		};
		3BE7EDDE1EACB5C700B73832 /* Root */ = {
			isa = PBXGroup;
			children = (
				3BE7EDE31EACB67100B73832 /* SJRootViewController.h */,
				3BE7EDE41EACB67100B73832 /* SJRootViewController.m */,
			);
			path = Root;
			sourceTree = "<group>";
		};
		72E7D7AC0A01B3B91B40EAF9 /* Frameworks */ = {
			isa = PBXGroup;
			children = (
				3BA0CE2F1EC85029003F37F8 /* CoreLocation.framework */,
				9C9E4FD210C6204DFB5FC382 /* libPods-SouJiao.a */,
			);
			name = Frameworks;
			sourceTree = "<group>";
		};
/* End PBXGroup section */

/* Begin PBXNativeTarget section */
		3B8925061EAB5C710039A208 /* SouJiao */ = {
			isa = PBXNativeTarget;
			buildConfigurationList = 3B89251E1EAB5C720039A208 /* Build configuration list for PBXNativeTarget "SouJiao" */;
			buildPhases = (
				BB36268AB098B65A1B9845EA /* [CP] Check Pods Manifest.lock */,
				3B8925031EAB5C710039A208 /* Sources */,
				3B8925041EAB5C710039A208 /* Frameworks */,
				3B8925051EAB5C710039A208 /* Resources */,
				19B10F3BC8202CDCB5C14614 /* [CP] Embed Pods Frameworks */,
				251DF6A5A5AE5B6F350C8FC9 /* [CP] Copy Pods Resources */,
			);
			buildRules = (
			);
			dependencies = (
			);
			name = SouJiao;
			productName = SouJiao;
			productReference = 3B8925071EAB5C710039A208 /* SouJiao.app */;
			productType = "com.apple.product-type.application";
		};
/* End PBXNativeTarget section */

/* Begin PBXProject section */
		3B8924FF1EAB5C710039A208 /* Project object */ = {
			isa = PBXProject;
			attributes = {
				LastUpgradeCheck = 0830;
				ORGANIZATIONNAME = Ares;
				TargetAttributes = {
					3B8925061EAB5C710039A208 = {
						CreatedOnToolsVersion = 8.3;
						ProvisioningStyle = Automatic;
					};
				};
			};
			buildConfigurationList = 3B8925021EAB5C710039A208 /* Build configuration list for PBXProject "SouJiao" */;
			compatibilityVersion = "Xcode 3.2";
			developmentRegion = English;
			hasScannedForEncodings = 0;
			knownRegions = (
				en,
				Base,
			);
			mainGroup = 3B8924FE1EAB5C710039A208;
			productRefGroup = 3B8925081EAB5C710039A208 /* Products */;
			projectDirPath = "";
			projectRoot = "";
			targets = (
				3B8925061EAB5C710039A208 /* SouJiao */,
			);
		};
/* End PBXProject section */

/* Begin PBXResourcesBuildPhase section */
		3B8925051EAB5C710039A208 /* Resources */ = {
			isa = PBXResourcesBuildPhase;
			buildActionMask = 2147483647;
			files = (
				3BA0CE1E1EC821C2003F37F8 /* SJMineViewController.xib in Resources */,
				3B40C8861EDD1A19002BE89C /* SJOrganzationRegStep4.xib in Resources */,
				3B40C87C1EDD185C002BE89C /* SJOrganzationRegStep2.xib in Resources */,
				3B40C8711EDD0FDC002BE89C /* SJPersonalRegViewController.xib in Resources */,
				3B857D031EC751D200764354 /* SJLoginViewController.xib in Resources */,
				3B60FC901EDDB5A8002F17B9 /* SJRegisterInputView.xib in Resources */,
				3B14BCBB1ED1CA4D002AC085 /* SJRegisterViewController.xib in Resources */,
				3B6775201EDC6C0900D5720E /* SJOrganzationRegStep1.xib in Resources */,
				3B89251A1EAB5C720039A208 /* LaunchScreen.storyboard in Resources */,
				3BE7EDF81EACE45A00B73832 /* SJMainViewController.xib in Resources */,
				3B40C8811EDD189B002BE89C /* SJOrganzationRegStep3.xib in Resources */,
				3B8925171EAB5C720039A208 /* Assets.xcassets in Resources */,
				3BA0CE2A1EC82583003F37F8 /* SJUserProfileView.xib in Resources */,
				3B857D0D1EC7521600764354 /* SJAdvertiseViewController.xib in Resources */,
				3B40C8771EDD17F1002BE89C /* SJMapViewController.xib in Resources */,
				3B14BCC01ED1CD30002AC085 /* SJRegisterTableViewCell.xib in Resources */,
			);
			runOnlyForDeploymentPostprocessing = 0;
		};
/* End PBXResourcesBuildPhase section */

/* Begin PBXShellScriptBuildPhase section */
		19B10F3BC8202CDCB5C14614 /* [CP] Embed Pods Frameworks */ = {
			isa = PBXShellScriptBuildPhase;
			buildActionMask = 2147483647;
			files = (
			);
			inputPaths = (
			);
			name = "[CP] Embed Pods Frameworks";
			outputPaths = (
			);
			runOnlyForDeploymentPostprocessing = 0;
			shellPath = /bin/sh;
			shellScript = "\"${SRCROOT}/Pods/Target Support Files/Pods-SouJiao/Pods-SouJiao-frameworks.sh\"\n";
			showEnvVarsInLog = 0;
		};
		251DF6A5A5AE5B6F350C8FC9 /* [CP] Copy Pods Resources */ = {
			isa = PBXShellScriptBuildPhase;
			buildActionMask = 2147483647;
			files = (
			);
			inputPaths = (
			);
			name = "[CP] Copy Pods Resources";
			outputPaths = (
			);
			runOnlyForDeploymentPostprocessing = 0;
			shellPath = /bin/sh;
			shellScript = "\"${SRCROOT}/Pods/Target Support Files/Pods-SouJiao/Pods-SouJiao-resources.sh\"\n";
			showEnvVarsInLog = 0;
		};
		BB36268AB098B65A1B9845EA /* [CP] Check Pods Manifest.lock */ = {
			isa = PBXShellScriptBuildPhase;
			buildActionMask = 2147483647;
			files = (
			);
			inputPaths = (
			);
			name = "[CP] Check Pods Manifest.lock";
			outputPaths = (
			);
			runOnlyForDeploymentPostprocessing = 0;
			shellPath = /bin/sh;
			shellScript = "diff \"${PODS_PODFILE_DIR_PATH}/Podfile.lock\" \"${PODS_ROOT}/Manifest.lock\" > /dev/null\nif [ $? != 0 ] ; then\n    # print error to STDERR\n    echo \"error: The sandbox is not in sync with the Podfile.lock. Run 'pod install' or update your CocoaPods installation.\" >&2\n    exit 1\nfi\n";
			showEnvVarsInLog = 0;
		};
/* End PBXShellScriptBuildPhase section */

/* Begin PBXSourcesBuildPhase section */
		3B8925031EAB5C710039A208 /* Sources */ = {
			isa = PBXSourcesBuildPhase;
			buildActionMask = 2147483647;
			files = (
				3BE7EDE51EACB67100B73832 /* SJRootViewController.m in Sources */,
				3BA0CE331EC851D7003F37F8 /* SJUserManager.m in Sources */,
				3BE7EDDB1EACB2DD00B73832 /* SJLoginCenter.m in Sources */,
				3BA0CE211EC82534003F37F8 /* SJUserProfileView.m in Sources */,
				3BE7EDD31EACB11A00B73832 /* SJUser.m in Sources */,
				3B14BCBA1ED1CA4D002AC085 /* SJRegisterViewController.m in Sources */,
				3B40C8851EDD1A19002BE89C /* SJOrganzationRegStep4.m in Sources */,
				3B40C8801EDD189B002BE89C /* SJOrganzationRegStep3.m in Sources */,
				3B67751F1EDC6C0900D5720E /* SJOrganzationRegStep1.m in Sources */,
				3B67751B1EDC6BEB00D5720E /* SJPersonalRegViewController.m in Sources */,
				3BA0CE2E1EC84EF7003F37F8 /* SJSearchManager.m in Sources */,
				3BA0CE3A1EC897D7003F37F8 /* UIDevice+Common.m in Sources */,
				3B857D0C1EC7521600764354 /* SJAdvertiseViewController.m in Sources */,
				3B14BCBF1ED1CD30002AC085 /* SJRegisterTableViewCell.m in Sources */,
				3BA0CE3D1EC89869003F37F8 /* UIView+Frame.m in Sources */,
				3B6775151EDC4B2500D5720E /* DLNavigationTabBar.m in Sources */,
				3B40C8761EDD17F1002BE89C /* SJMapViewController.m in Sources */,
				3B857D021EC751D200764354 /* SJLoginViewController.m in Sources */,
				3B40C8891EDDAEA4002BE89C /* UIColor+CustomColor.m in Sources */,
				3B14BCB51ED1C248002AC085 /* SJBaseItem.m in Sources */,
				3BA0CE401EC89A64003F37F8 /* SJUtility.m in Sources */,
				3B40C87B1EDD185C002BE89C /* SJOrganzationRegStep2.m in Sources */,
				3B6775181EDC4F0000D5720E /* SJLoginSelectViewController.m in Sources */,
				3B89250F1EAB5C710039A208 /* AppDelegate.m in Sources */,
				3BE7EDE81EACB68B00B73832 /* SJMainViewController.m in Sources */,
				3B89250C1EAB5C710039A208 /* main.m in Sources */,
				3B60FC8E1EDDB58B002F17B9 /* SJRegisterInputView.m in Sources */,
				3BA0CE281EC82565003F37F8 /* SJBaseView.m in Sources */,
				3BE7EDD11EACB11A00B73832 /* SJBusinessUser.m in Sources */,
				3BA0CE251EC82554003F37F8 /* SJBaseViewController.m in Sources */,
				3BE7EDD21EACB11A00B73832 /* SJGeneralUser.m in Sources */,
				3B857D061EC751D200764354 /* SJMineViewController.m in Sources */,
				3BE7EDD71EACB1FF00B73832 /* SJUserProfiles.m in Sources */,
			);
			runOnlyForDeploymentPostprocessing = 0;
		};
/* End PBXSourcesBuildPhase section */

/* Begin PBXVariantGroup section */
		3B8925181EAB5C720039A208 /* LaunchScreen.storyboard */ = {
			isa = PBXVariantGroup;
			children = (
				3B8925191EAB5C720039A208 /* Base */,
			);
			name = LaunchScreen.storyboard;
			sourceTree = "<group>";
		};
/* End PBXVariantGroup section */

/* Begin XCBuildConfiguration section */
		3B89251C1EAB5C720039A208 /* Debug */ = {
			isa = XCBuildConfiguration;
			buildSettings = {
				ALWAYS_SEARCH_USER_PATHS = NO;
				CLANG_ANALYZER_NONNULL = YES;
				CLANG_ANALYZER_NUMBER_OBJECT_CONVERSION = YES_AGGRESSIVE;
				CLANG_CXX_LANGUAGE_STANDARD = "gnu++0x";
				CLANG_CXX_LIBRARY = "libc++";
				CLANG_ENABLE_MODULES = YES;
				CLANG_ENABLE_OBJC_ARC = YES;
				CLANG_WARN_BOOL_CONVERSION = YES;
				CLANG_WARN_CONSTANT_CONVERSION = YES;
				CLANG_WARN_DIRECT_OBJC_ISA_USAGE = YES_ERROR;
				CLANG_WARN_DOCUMENTATION_COMMENTS = YES;
				CLANG_WARN_EMPTY_BODY = YES;
				CLANG_WARN_ENUM_CONVERSION = YES;
				CLANG_WARN_INFINITE_RECURSION = YES;
				CLANG_WARN_INT_CONVERSION = YES;
				CLANG_WARN_OBJC_ROOT_CLASS = YES_ERROR;
				CLANG_WARN_SUSPICIOUS_MOVE = YES;
				CLANG_WARN_UNREACHABLE_CODE = YES;
				CLANG_WARN__DUPLICATE_METHOD_MATCH = YES;
				"CODE_SIGN_IDENTITY[sdk=iphoneos*]" = "iPhone Developer";
				COPY_PHASE_STRIP = NO;
				DEBUG_INFORMATION_FORMAT = dwarf;
				ENABLE_STRICT_OBJC_MSGSEND = YES;
				ENABLE_TESTABILITY = YES;
				GCC_C_LANGUAGE_STANDARD = gnu99;
				GCC_DYNAMIC_NO_PIC = NO;
				GCC_NO_COMMON_BLOCKS = YES;
				GCC_OPTIMIZATION_LEVEL = 0;
				GCC_PREPROCESSOR_DEFINITIONS = (
					"DEBUG=1",
					"$(inherited)",
				);
				GCC_WARN_64_TO_32_BIT_CONVERSION = YES;
				GCC_WARN_ABOUT_RETURN_TYPE = YES_ERROR;
				GCC_WARN_UNDECLARED_SELECTOR = YES;
				GCC_WARN_UNINITIALIZED_AUTOS = YES_AGGRESSIVE;
				GCC_WARN_UNUSED_FUNCTION = YES;
				GCC_WARN_UNUSED_VARIABLE = YES;
				IPHONEOS_DEPLOYMENT_TARGET = 10.3;
				MTL_ENABLE_DEBUG_INFO = YES;
				ONLY_ACTIVE_ARCH = YES;
				SDKROOT = iphoneos;
				TARGETED_DEVICE_FAMILY = "1,2";
			};
			name = Debug;
		};
		3B89251D1EAB5C720039A208 /* Release */ = {
			isa = XCBuildConfiguration;
			buildSettings = {
				ALWAYS_SEARCH_USER_PATHS = NO;
				CLANG_ANALYZER_NONNULL = YES;
				CLANG_ANALYZER_NUMBER_OBJECT_CONVERSION = YES_AGGRESSIVE;
				CLANG_CXX_LANGUAGE_STANDARD = "gnu++0x";
				CLANG_CXX_LIBRARY = "libc++";
				CLANG_ENABLE_MODULES = YES;
				CLANG_ENABLE_OBJC_ARC = YES;
				CLANG_WARN_BOOL_CONVERSION = YES;
				CLANG_WARN_CONSTANT_CONVERSION = YES;
				CLANG_WARN_DIRECT_OBJC_ISA_USAGE = YES_ERROR;
				CLANG_WARN_DOCUMENTATION_COMMENTS = YES;
				CLANG_WARN_EMPTY_BODY = YES;
				CLANG_WARN_ENUM_CONVERSION = YES;
				CLANG_WARN_INFINITE_RECURSION = YES;
				CLANG_WARN_INT_CONVERSION = YES;
				CLANG_WARN_OBJC_ROOT_CLASS = YES_ERROR;
				CLANG_WARN_SUSPICIOUS_MOVE = YES;
				CLANG_WARN_UNREACHABLE_CODE = YES;
				CLANG_WARN__DUPLICATE_METHOD_MATCH = YES;
				"CODE_SIGN_IDENTITY[sdk=iphoneos*]" = "iPhone Developer";
				COPY_PHASE_STRIP = NO;
				DEBUG_INFORMATION_FORMAT = "dwarf-with-dsym";
				ENABLE_NS_ASSERTIONS = NO;
				ENABLE_STRICT_OBJC_MSGSEND = YES;
				GCC_C_LANGUAGE_STANDARD = gnu99;
				GCC_NO_COMMON_BLOCKS = YES;
				GCC_WARN_64_TO_32_BIT_CONVERSION = YES;
				GCC_WARN_ABOUT_RETURN_TYPE = YES_ERROR;
				GCC_WARN_UNDECLARED_SELECTOR = YES;
				GCC_WARN_UNINITIALIZED_AUTOS = YES_AGGRESSIVE;
				GCC_WARN_UNUSED_FUNCTION = YES;
				GCC_WARN_UNUSED_VARIABLE = YES;
				IPHONEOS_DEPLOYMENT_TARGET = 10.3;
				MTL_ENABLE_DEBUG_INFO = NO;
				SDKROOT = iphoneos;
				TARGETED_DEVICE_FAMILY = "1,2";
				VALIDATE_PRODUCT = YES;
			};
			name = Release;
		};
		3B89251F1EAB5C720039A208 /* Debug */ = {
			isa = XCBuildConfiguration;
			baseConfigurationReference = 772B1564477F133C8BF3471B /* Pods-SouJiao.debug.xcconfig */;
			buildSettings = {
				ASSETCATALOG_COMPILER_APPICON_NAME = AppIcon;
				GCC_PRECOMPILE_PREFIX_HEADER = YES;
				GCC_PREFIX_HEADER = SouJiao/PrefixHeader.pch;
				INFOPLIST_FILE = SouJiao/Info.plist;
				LD_RUNPATH_SEARCH_PATHS = "$(inherited) @executable_path/Frameworks";
				PRODUCT_BUNDLE_IDENTIFIER = SJ.SouJiao;
				PRODUCT_NAME = "$(TARGET_NAME)";
			};
			name = Debug;
		};
		3B8925201EAB5C720039A208 /* Release */ = {
			isa = XCBuildConfiguration;
			baseConfigurationReference = 8D5685EB34D152C3114858E6 /* Pods-SouJiao.release.xcconfig */;
			buildSettings = {
				ASSETCATALOG_COMPILER_APPICON_NAME = AppIcon;
				GCC_PRECOMPILE_PREFIX_HEADER = YES;
				GCC_PREFIX_HEADER = SouJiao/PrefixHeader.pch;
				INFOPLIST_FILE = SouJiao/Info.plist;
				LD_RUNPATH_SEARCH_PATHS = "$(inherited) @executable_path/Frameworks";
				PRODUCT_BUNDLE_IDENTIFIER = SJ.SouJiao;
				PRODUCT_NAME = "$(TARGET_NAME)";
			};
			name = Release;
		};
/* End XCBuildConfiguration section */

/* Begin XCConfigurationList section */
		3B8925021EAB5C710039A208 /* Build configuration list for PBXProject "SouJiao" */ = {
			isa = XCConfigurationList;
			buildConfigurations = (
				3B89251C1EAB5C720039A208 /* Debug */,
				3B89251D1EAB5C720039A208 /* Release */,
			);
			defaultConfigurationIsVisible = 0;
			defaultConfigurationName = Release;
		};
		3B89251E1EAB5C720039A208 /* Build configuration list for PBXNativeTarget "SouJiao" */ = {
			isa = XCConfigurationList;
			buildConfigurations = (
				3B89251F1EAB5C720039A208 /* Debug */,
				3B8925201EAB5C720039A208 /* Release */,
			);
			defaultConfigurationIsVisible = 0;
			defaultConfigurationName = Release;
		};
/* End XCConfigurationList section */
	};
	rootObject = 3B8924FF1EAB5C710039A208 /* Project object */;
}
